{
  "name": "@pressbooks/excalibur",
  "requires": true,
  "lockfileVersion": 1,
  "dependencies": {
    "select2": {
      "version": "4.0.12",
      "resolved": "https://registry.npmjs.org/select2/-/select2-4.0.12.tgz",
      "integrity": "sha512-mbXC05AvjCboZcRlgJqN4mlI2qmqshpRC76sKNAdxS1lPLOh2m/NTyfL6xsvGoY6eIhjaya4dbumN99MudVQ2w=="
    }
  }
}
